
Microsoft Visual Studio Solution File, Format Version 12.00
# Visual Studio Version 17
VisualStudioVersion = 17.6.33712.159
MinimumVisualStudioVersion = 10.0.40219.1
Project("{FAE04EC0-301F-11D3-BF4B-00C04F79EFBC}") = "AUTOMATINIS TESTAVIMAS", "AUTOMATINIS TESTAVIMAS\AUTOMATINIS TESTAVIMAS.csproj", "{0E1F228C-1AD3-4792-B3CC-8A4A02075A61}"
EndProject
Global
	GlobalSection(SolutionConfigurationPlatforms) = preSolution
		Debug|Any CPU = Debug|Any CPU
		Release|Any CPU = Release|Any CPU
	EndGlobalSection
	GlobalSection(ProjectConfigurationPlatforms) = postSolution
		{0E1F228C-1AD3-4792-B3CC-8A4A02075A61}.Debug|Any CPU.ActiveCfg = Debug|Any CPU
		{0E1F228C-1AD3-4792-B3CC-8A4A02075A61}.Debug|Any CPU.Build.0 = Debug|Any CPU
		{0E1F228C-1AD3-4792-B3CC-8A4A02075A61}.Release|Any CPU.ActiveCfg = Release|Any CPU
		{0E1F228C-1AD3-4792-B3CC-8A4A02075A61}.Release|Any CPU.Build.0 = Release|Any CPU
	EndGlobalSection
	GlobalSection(SolutionProperties) = preSolution
		HideSolutionNode = FALSE
	EndGlobalSection
	GlobalSection(ExtensibilityGlobals) = postSolution
		SolutionGuid = {8A9B5CF5-DECE-439D-89F6-E549A11CD12F}
	EndGlobalSection
EndGlobal
